
Microsoft Visual Studio Solution File, Format Version 12.00
# Visual Studio Version 17
VisualStudioVersion = 17.3.32901.215
MinimumVisualStudioVersion = 10.0.40219.1
Project("{9A19103F-16F7-4668-BE54-9A1E7A4F7556}") = "Final.2021.WinFormsApp", "Final.2021.WinFormsApp\Final.2021.WinFormsApp.csproj", "{C0BCC285-DBCB-4229-94BA-268DE9F60549}"
EndProject
Project("{FAE04EC0-301F-11D3-BF4B-00C04F79EFBC}") = "Entidades", "Entidades\Entidades.csproj", "{06FB2107-BE52-49A3-B8E1-AE6A0E6D57A6}"
EndProject
Global
	GlobalSection(SolutionConfigurationPlatforms) = preSolution
		Debug|Any CPU = Debug|Any CPU
		Release|Any CPU = Release|Any CPU
	EndGlobalSection
	GlobalSection(ProjectConfigurationPlatforms) = postSolution
		{C0BCC285-DBCB-4229-94BA-268DE9F60549}.Debug|Any CPU.ActiveCfg = Debug|Any CPU
		{C0BCC285-DBCB-4229-94BA-268DE9F60549}.Debug|Any CPU.Build.0 = Debug|Any CPU
		{C0BCC285-DBCB-4229-94BA-268DE9F60549}.Release|Any CPU.ActiveCfg = Release|Any CPU
		{C0BCC285-DBCB-4229-94BA-268DE9F60549}.Release|Any CPU.Build.0 = Release|Any CPU
		{06FB2107-BE52-49A3-B8E1-AE6A0E6D57A6}.Debug|Any CPU.ActiveCfg = Debug|Any CPU
		{06FB2107-BE52-49A3-B8E1-AE6A0E6D57A6}.Debug|Any CPU.Build.0 = Debug|Any CPU
		{06FB2107-BE52-49A3-B8E1-AE6A0E6D57A6}.Release|Any CPU.ActiveCfg = Release|Any CPU
		{06FB2107-BE52-49A3-B8E1-AE6A0E6D57A6}.Release|Any CPU.Build.0 = Release|Any CPU
	EndGlobalSection
	GlobalSection(SolutionProperties) = preSolution
		HideSolutionNode = FALSE
	EndGlobalSection
	GlobalSection(ExtensibilityGlobals) = postSolution
		SolutionGuid = {0328CABD-2CA4-42DF-BDCE-069A90224086}
	EndGlobalSection
EndGlobal
